<?xml version="1.0" encoding="utf-8"?>
<Project ToolsVersion="4.0" xmlns="http://schemas.microsoft.com/developer/msbuild/2003">
  <ItemGroup>
    <Filter Include="98.Default">
      <UniqueIdentifier>{505dbb78-4965-42ce-a1a1-9532b52bcf92}</UniqueIdentifier>
    </Filter>
    <Filter Include="00.MainApp">
      <UniqueIdentifier>{d9fd2301-2adc-4297-8e67-639f847fb590}</UniqueIdentifier>
    </Filter>
    <Filter Include="99.Defines">
      <UniqueIdentifier>{ac9086de-94de-4822-ae8c-26dec28c70c7}</UniqueIdentifier>
    </Filter>
    <Filter Include="01.Levels">
      <UniqueIdentifier>{789d874f-ce49-4332-82c7-3805cb5b9080}</UniqueIdentifier>
    </Filter>
    <Filter Include="02.GameObjects">
      <UniqueIdentifier>{3531814c-4b42-451a-9044-33e6ba5a8eab}</UniqueIdentifier>
    </Filter>
    <Filter Include="01.Levels\00.Loading">
      <UniqueIdentifier>{703e1f72-f965-4a5f-bc75-02795441baec}</UniqueIdentifier>
    </Filter>
    <Filter Include="01.Levels\00.Loading\Loader">
      <UniqueIdentifier>{db88da8f-913a-4f03-b3b7-a148128660ca}</UniqueIdentifier>
    </Filter>
    <Filter Include="97.ShaderFiles">
      <UniqueIdentifier>{84640545-3351-4721-a11c-de1b2a88ed44}</UniqueIdentifier>
    </Filter>
    <Filter Include="02.GameObjects\BackGround">
      <UniqueIdentifier>{3cb37fbb-5a48-442b-857d-c8d7bd9d9f34}</UniqueIdentifier>
    </Filter>
    <Filter Include="02.GameObjects\Terrain">
      <UniqueIdentifier>{7cbdf00b-05f3-4112-a0c9-09e6a54c4fa7}</UniqueIdentifier>
    </Filter>
    <Filter Include="02.GameObjects\Camera">
      <UniqueIdentifier>{753f5023-0e15-42c5-950a-9aefad3b0ead}</UniqueIdentifier>
    </Filter>
    <Filter Include="02.GameObjects\UI">
      <UniqueIdentifier>{0f66bd0f-1e34-4a6b-87d2-20449690ba55}</UniqueIdentifier>
    </Filter>
    <Filter Include="02.GameObjects\Mesh">
      <UniqueIdentifier>{31eb1b41-44ce-4466-8b5f-e8a4f89ce0f5}</UniqueIdentifier>
    </Filter>
    <Filter Include="01.Levels\Stage1">
      <UniqueIdentifier>{0d2a1e61-f8a8-4688-bc84-0b1f67902fc9}</UniqueIdentifier>
    </Filter>
    <Filter Include="01.Levels\02.Logo">
      <UniqueIdentifier>{d01c3f2b-2df6-4ab5-a228-50b69330939c}</UniqueIdentifier>
    </Filter>
    <Filter Include="01.Levels\01.Static">
      <UniqueIdentifier>{abb13be5-a020-4bda-9586-7ed685661ca8}</UniqueIdentifier>
    </Filter>
    <Filter Include="96.Manager">
      <UniqueIdentifier>{adf15d5b-0371-4765-b16f-bb4b6898c903}</UniqueIdentifier>
    </Filter>
    <Filter Include="96.Manager\ReleaseManager">
      <UniqueIdentifier>{db5cf084-0a3b-407d-bf83-e7f9fcf79a14}</UniqueIdentifier>
    </Filter>
    <Filter Include="02.GameObjects\AnimMesh">
      <UniqueIdentifier>{7260198f-e26e-4c26-8a8d-ba9d85349578}</UniqueIdentifier>
    </Filter>
    <Filter Include="02.GameObjects\AnimMesh\Player">
      <UniqueIdentifier>{8b56d514-1fd5-4cc6-a3ba-550735d84e52}</UniqueIdentifier>
    </Filter>
    <Filter Include="02.GameObjects\Mesh\PlayerParts">
      <UniqueIdentifier>{976cd8ad-96eb-49a2-a98f-85fa32c7bb0f}</UniqueIdentifier>
    </Filter>
    <Filter Include="02.GameObjects\Mesh\PlayerParts\Head">
      <UniqueIdentifier>{fddd989c-d442-40cf-b7eb-1f81adcfeb54}</UniqueIdentifier>
    </Filter>
    <Filter Include="02.GameObjects\Mesh\PlayerParts\Hair">
      <UniqueIdentifier>{69566e11-c47f-440a-8f94-3d77c6e8551d}</UniqueIdentifier>
    </Filter>
    <Filter Include="02.GameObjects\Mesh\PlayerParts\Weapon">
      <UniqueIdentifier>{74b9cc90-0355-4f4f-b858-5cb275217ceb}</UniqueIdentifier>
    </Filter>
    <Filter Include="02.GameObjects\Mesh\PlayerParts\Weapon\Sword">
      <UniqueIdentifier>{35692856-a5e1-4be6-8371-644f6b39cb58}</UniqueIdentifier>
    </Filter>
  </ItemGroup>
  <ItemGroup>
    <ClInclude Include="Client.h">
      <Filter>98.Default</Filter>
    </ClInclude>
    <ClInclude Include="Resource.h">
      <Filter>98.Default</Filter>
    </ClInclude>
    <ClInclude Include="stdafx.h">
      <Filter>98.Default</Filter>
    </ClInclude>
    <ClInclude Include="targetver.h">
      <Filter>98.Default</Filter>
    </ClInclude>
    <ClInclude Include="..\Public\MainApp.h">
      <Filter>00.MainApp</Filter>
    </ClInclude>
    <ClInclude Include="..\Public\Client_Defines.h">
      <Filter>99.Defines</Filter>
    </ClInclude>
    <ClInclude Include="..\Public\Level_Loading.h">
      <Filter>01.Levels\00.Loading</Filter>
    </ClInclude>
    <ClInclude Include="..\Public\Level_Logo.h">
      <Filter>01.Levels\02.Logo</Filter>
    </ClInclude>
    <ClInclude Include="..\Public\Loader.h">
      <Filter>01.Levels\00.Loading\Loader</Filter>
    </ClInclude>
    <ClInclude Include="..\public\BackGround.h">
      <Filter>02.GameObjects\BackGround</Filter>
    </ClInclude>
    <ClInclude Include="..\Public\Camera_Free.h">
      <Filter>02.GameObjects\Camera</Filter>
    </ClInclude>
    <ClInclude Include="..\public\UI.h">
      <Filter>02.GameObjects\UI</Filter>
    </ClInclude>
    <ClInclude Include="..\Public\Terrain.h">
      <Filter>02.GameObjects\Terrain</Filter>
    </ClInclude>
    <ClInclude Include="..\Public\Level_Stage1.h">
      <Filter>01.Levels\Stage1</Filter>
    </ClInclude>
    <ClInclude Include="..\Public\Level_Static.h">
      <Filter>01.Levels\01.Static</Filter>
    </ClInclude>
    <ClInclude Include="..\Public\Release_Manager.h">
      <Filter>96.Manager\ReleaseManager</Filter>
    </ClInclude>
    <ClInclude Include="..\Public\AnimMesh.h">
      <Filter>02.GameObjects\AnimMesh</Filter>
    </ClInclude>
    <ClInclude Include="..\Public\Mesh.h">
      <Filter>02.GameObjects\Mesh</Filter>
    </ClInclude>
    <ClInclude Include="..\Public\Player.h">
      <Filter>02.GameObjects\AnimMesh\Player</Filter>
    </ClInclude>
    <ClInclude Include="..\Public\PlayerHead.h">
      <Filter>02.GameObjects\Mesh\PlayerParts\Head</Filter>
    </ClInclude>
    <ClInclude Include="..\Public\PlayerHairBack.h">
      <Filter>02.GameObjects\Mesh\PlayerParts\Hair</Filter>
    </ClInclude>
    <ClInclude Include="..\Public\PlayerHairSide.h">
      <Filter>02.GameObjects\Mesh\PlayerParts\Hair</Filter>
    </ClInclude>
    <ClInclude Include="..\Public\PlayerHairTail.h">
      <Filter>02.GameObjects\Mesh\PlayerParts\Hair</Filter>
    </ClInclude>
    <ClInclude Include="..\Public\PlayerHairFront.h">
      <Filter>02.GameObjects\Mesh\PlayerParts\Hair</Filter>
    </ClInclude>
    <ClInclude Include="..\Public\PlayerSword.h">
      <Filter>02.GameObjects\Mesh\PlayerParts\Weapon\Sword</Filter>
    </ClInclude>
  </ItemGroup>
  <ItemGroup>
    <ClCompile Include="Client.cpp">
      <Filter>98.Default</Filter>
    </ClCompile>
    <ClCompile Include="stdafx.cpp">
      <Filter>98.Default</Filter>
    </ClCompile>
    <ClCompile Include="..\Private\MainApp.cpp">
      <Filter>00.MainApp</Filter>
    </ClCompile>
    <ClCompile Include="..\Private\Level_Loading.cpp">
      <Filter>01.Levels\00.Loading</Filter>
    </ClCompile>
    <ClCompile Include="..\Private\Level_Logo.cpp">
      <Filter>01.Levels\02.Logo</Filter>
    </ClCompile>
    <ClCompile Include="..\Private\Loader.cpp">
      <Filter>01.Levels\00.Loading\Loader</Filter>
    </ClCompile>
    <ClCompile Include="..\private\BackGround.cpp">
      <Filter>02.GameObjects\BackGround</Filter>
    </ClCompile>
    <ClCompile Include="..\Private\Camera_Free.cpp">
      <Filter>02.GameObjects\Camera</Filter>
    </ClCompile>
    <ClCompile Include="..\private\UI.cpp">
      <Filter>02.GameObjects\UI</Filter>
    </ClCompile>
    <ClCompile Include="..\Private\Terrain.cpp">
      <Filter>02.GameObjects\Terrain</Filter>
    </ClCompile>
    <ClCompile Include="..\Private\Level_Stage1.cpp">
      <Filter>01.Levels\Stage1</Filter>
    </ClCompile>
    <ClCompile Include="..\Private\Level_Static.cpp">
      <Filter>01.Levels\01.Static</Filter>
    </ClCompile>
    <ClCompile Include="..\Private\Release_Manager.cpp">
      <Filter>96.Manager\ReleaseManager</Filter>
    </ClCompile>
    <ClCompile Include="..\Private\AnimMesh.cpp">
      <Filter>02.GameObjects\AnimMesh</Filter>
    </ClCompile>
    <ClCompile Include="..\Private\Mesh.cpp">
      <Filter>02.GameObjects\Mesh</Filter>
    </ClCompile>
    <ClCompile Include="..\Private\Player.cpp">
      <Filter>02.GameObjects\AnimMesh\Player</Filter>
    </ClCompile>
    <ClCompile Include="..\Private\PlayerHead.cpp">
      <Filter>02.GameObjects\Mesh\PlayerParts\Head</Filter>
    </ClCompile>
    <ClCompile Include="..\Private\PlayerHairBack.cpp">
      <Filter>02.GameObjects\Mesh\PlayerParts\Hair</Filter>
    </ClCompile>
    <ClCompile Include="..\Private\PlayerHairFront.cpp">
      <Filter>02.GameObjects\Mesh\PlayerParts\Hair</Filter>
    </ClCompile>
    <ClCompile Include="..\Private\PlayerHairSide.cpp">
      <Filter>02.GameObjects\Mesh\PlayerParts\Hair</Filter>
    </ClCompile>
    <ClCompile Include="..\Private\PlayerHairTail.cpp">
      <Filter>02.GameObjects\Mesh\PlayerParts\Hair</Filter>
    </ClCompile>
    <ClCompile Include="..\Private\PlayerSword.cpp">
      <Filter>02.GameObjects\Mesh\PlayerParts\Weapon\Sword</Filter>
    </ClCompile>
  </ItemGroup>
  <ItemGroup>
    <Image Include="Client.ico">
      <Filter>98.Default</Filter>
    </Image>
    <Image Include="small.ico">
      <Filter>98.Default</Filter>
    </Image>
  </ItemGroup>
  <ItemGroup>
    <ResourceCompile Include="Client.rc">
      <Filter>98.Default</Filter>
    </ResourceCompile>
  </ItemGroup>
  <ItemGroup>
    <FxCompile Include="..\Bin\ShaderFiles\Shader_VtxTex.hlsl">
      <Filter>97.ShaderFiles</Filter>
    </FxCompile>
    <FxCompile Include="..\Bin\ShaderFiles\Shader_VtxNorTex.hlsl">
      <Filter>97.ShaderFiles</Filter>
    </FxCompile>
    <FxCompile Include="..\Bin\ShaderFiles\Shader_Cube.hlsl">
      <Filter>97.ShaderFiles</Filter>
    </FxCompile>
    <FxCompile Include="..\Bin\ShaderFiles\Shader_VtxModel.hlsl">
      <Filter>97.ShaderFiles</Filter>
    </FxCompile>
    <FxCompile Include="..\Bin\ShaderFiles\Shader_VtxAnimModel.hlsl">
      <Filter>97.ShaderFiles</Filter>
    </FxCompile>
  </ItemGroup>
  <ItemGroup>
    <Text Include="ReadMe.txt">
      <Filter>98.Default</Filter>
    </Text>
  </ItemGroup>
</Project>