<?xml version="1.0" encoding="utf-8"?>
<Project ToolsVersion="4.0" xmlns="http://schemas.microsoft.com/developer/msbuild/2003">
  <ItemGroup>
    <Filter Include="98.Default">
      <UniqueIdentifier>{505dbb78-4965-42ce-a1a1-9532b52bcf92}</UniqueIdentifier>
    </Filter>
    <Filter Include="00.MainApp">
      <UniqueIdentifier>{d9fd2301-2adc-4297-8e67-639f847fb590}</UniqueIdentifier>
    </Filter>
    <Filter Include="99.Defines">
      <UniqueIdentifier>{ac9086de-94de-4822-ae8c-26dec28c70c7}</UniqueIdentifier>
    </Filter>
    <Filter Include="01.Levels">
      <UniqueIdentifier>{789d874f-ce49-4332-82c7-3805cb5b9080}</UniqueIdentifier>
    </Filter>
    <Filter Include="02.GameObjects">
      <UniqueIdentifier>{3531814c-4b42-451a-9044-33e6ba5a8eab}</UniqueIdentifier>
    </Filter>
    <Filter Include="01.Levels\00.Loading">
      <UniqueIdentifier>{703e1f72-f965-4a5f-bc75-02795441baec}</UniqueIdentifier>
    </Filter>
    <Filter Include="01.Levels\00.Loading\Loader">
      <UniqueIdentifier>{db88da8f-913a-4f03-b3b7-a148128660ca}</UniqueIdentifier>
    </Filter>
    <Filter Include="97.ShaderFiles">
      <UniqueIdentifier>{84640545-3351-4721-a11c-de1b2a88ed44}</UniqueIdentifier>
    </Filter>
    <Filter Include="02.GameObjects\Terrain">
      <UniqueIdentifier>{7cbdf00b-05f3-4112-a0c9-09e6a54c4fa7}</UniqueIdentifier>
    </Filter>
    <Filter Include="02.GameObjects\Camera">
      <UniqueIdentifier>{753f5023-0e15-42c5-950a-9aefad3b0ead}</UniqueIdentifier>
    </Filter>
    <Filter Include="02.GameObjects\Mesh">
      <UniqueIdentifier>{31eb1b41-44ce-4466-8b5f-e8a4f89ce0f5}</UniqueIdentifier>
    </Filter>
    <Filter Include="01.Levels\Stage1">
      <UniqueIdentifier>{0d2a1e61-f8a8-4688-bc84-0b1f67902fc9}</UniqueIdentifier>
    </Filter>
    <Filter Include="01.Levels\02.Logo">
      <UniqueIdentifier>{d01c3f2b-2df6-4ab5-a228-50b69330939c}</UniqueIdentifier>
    </Filter>
    <Filter Include="01.Levels\01.Static">
      <UniqueIdentifier>{abb13be5-a020-4bda-9586-7ed685661ca8}</UniqueIdentifier>
    </Filter>
    <Filter Include="96.Manager">
      <UniqueIdentifier>{adf15d5b-0371-4765-b16f-bb4b6898c903}</UniqueIdentifier>
    </Filter>
    <Filter Include="96.Manager\ReleaseManager">
      <UniqueIdentifier>{db5cf084-0a3b-407d-bf83-e7f9fcf79a14}</UniqueIdentifier>
    </Filter>
    <Filter Include="02.GameObjects\AnimMesh">
      <UniqueIdentifier>{7260198f-e26e-4c26-8a8d-ba9d85349578}</UniqueIdentifier>
    </Filter>
    <Filter Include="02.GameObjects\AnimMesh\Player">
      <UniqueIdentifier>{8b56d514-1fd5-4cc6-a3ba-550735d84e52}</UniqueIdentifier>
    </Filter>
    <Filter Include="02.GameObjects\Mesh\PlayerParts">
      <UniqueIdentifier>{976cd8ad-96eb-49a2-a98f-85fa32c7bb0f}</UniqueIdentifier>
    </Filter>
    <Filter Include="02.GameObjects\Mesh\PlayerParts\Head">
      <UniqueIdentifier>{fddd989c-d442-40cf-b7eb-1f81adcfeb54}</UniqueIdentifier>
    </Filter>
    <Filter Include="02.GameObjects\Mesh\PlayerParts\Hair">
      <UniqueIdentifier>{69566e11-c47f-440a-8f94-3d77c6e8551d}</UniqueIdentifier>
    </Filter>
    <Filter Include="02.GameObjects\Mesh\PlayerParts\Weapon">
      <UniqueIdentifier>{74b9cc90-0355-4f4f-b858-5cb275217ceb}</UniqueIdentifier>
    </Filter>
    <Filter Include="02.GameObjects\Mesh\PlayerParts\Weapon\Sword">
      <UniqueIdentifier>{35692856-a5e1-4be6-8371-644f6b39cb58}</UniqueIdentifier>
    </Filter>
    <Filter Include="96.Manager\PointerManager">
      <UniqueIdentifier>{800b6a36-99e8-4de3-97d8-e9e36192ea9e}</UniqueIdentifier>
    </Filter>
    <Filter Include="02.GameObjects\Camera\Free">
      <UniqueIdentifier>{025e0943-3dc6-42f1-afaf-38202bffd6b8}</UniqueIdentifier>
    </Filter>
    <Filter Include="02.GameObjects\Camera\Player">
      <UniqueIdentifier>{45802bd5-cdcc-4523-926b-3bb267056101}</UniqueIdentifier>
    </Filter>
    <Filter Include="03.UI">
      <UniqueIdentifier>{56a621fc-18f2-409f-83d5-e0aa81cc775b}</UniqueIdentifier>
    </Filter>
    <Filter Include="03.UI\SkillFrame">
      <UniqueIdentifier>{5664f06b-95c4-4432-8c72-73f200af7b8b}</UniqueIdentifier>
    </Filter>
    <Filter Include="96.Manager\UIManager">
      <UniqueIdentifier>{f9c47aa5-2ae3-4eec-b890-1595b919d392}</UniqueIdentifier>
    </Filter>
    <Filter Include="03.UI\SkillIcon">
      <UniqueIdentifier>{d9e55ad0-0cd8-4114-a928-da7fa3e57455}</UniqueIdentifier>
    </Filter>
    <Filter Include="03.UI\KeyIcon">
      <UniqueIdentifier>{4473948c-cad0-481e-a961-e5adb7b148e8}</UniqueIdentifier>
    </Filter>
    <Filter Include="02.GameObjects\AnimMesh\Monster">
      <UniqueIdentifier>{53519431-2da2-491e-a388-a5117151871e}</UniqueIdentifier>
    </Filter>
    <Filter Include="02.GameObjects\AnimMesh\Monster\Theo">
      <UniqueIdentifier>{85498a72-49fe-42c9-929b-c8daebab9384}</UniqueIdentifier>
    </Filter>
    <Filter Include="03.UI\PlayerBar">
      <UniqueIdentifier>{238ae1fe-7019-4e02-8ff4-b8bbec088892}</UniqueIdentifier>
    </Filter>
    <Filter Include="03.UI\BossBar">
      <UniqueIdentifier>{e940db24-b484-4f64-8c02-c5c3b1cb83f2}</UniqueIdentifier>
    </Filter>
    <Filter Include="95.Component">
      <UniqueIdentifier>{3d4def9d-7b21-478d-b6d5-2fe93b7ead1c}</UniqueIdentifier>
    </Filter>
    <Filter Include="95.Component\Trail">
      <UniqueIdentifier>{5987a23f-e07e-4926-868c-75688f616fe2}</UniqueIdentifier>
    </Filter>
    <Filter Include="02.GameObjects\Mesh\Map">
      <UniqueIdentifier>{bcb89a1c-3143-4ba7-9e56-680779295dd6}</UniqueIdentifier>
    </Filter>
    <Filter Include="02.GameObjects\Mesh\Map\Stage1">
      <UniqueIdentifier>{988ed81a-b3eb-48ce-8d34-6006c0d8dd0e}</UniqueIdentifier>
    </Filter>
    <Filter Include="02.GameObjects\Mesh\Map\Stage1\TRStair">
      <UniqueIdentifier>{5932f3f5-372c-4950-809a-9ceb98f1a185}</UniqueIdentifier>
    </Filter>
    <Filter Include="02.GameObjects\Mesh\Map\Stage1\SideLiner">
      <UniqueIdentifier>{7af3597e-45a0-4ce6-8e94-33fc17037104}</UniqueIdentifier>
    </Filter>
    <Filter Include="02.GameObjects\Mesh\Map\Stage1\TRFloor">
      <UniqueIdentifier>{242bf7de-6694-4cb5-8263-c169cb2614a8}</UniqueIdentifier>
    </Filter>
    <Filter Include="02.GameObjects\Mesh\Map\Stage1\TRSky">
      <UniqueIdentifier>{e6c663d1-2821-4c64-84d6-8ae3bceca704}</UniqueIdentifier>
    </Filter>
    <Filter Include="96.Manager\Cameramanager">
      <UniqueIdentifier>{8a0e02fe-cfd5-4538-996e-97e0fd476f0e}</UniqueIdentifier>
    </Filter>
    <Filter Include="96.Manager\ColliderManager">
      <UniqueIdentifier>{3f938abd-13ba-414d-940e-3cb77041e18a}</UniqueIdentifier>
    </Filter>
    <Filter Include="01.Levels\Stage4">
      <UniqueIdentifier>{bde64363-ed65-415e-8e04-b013ce72b4fd}</UniqueIdentifier>
    </Filter>
    <Filter Include="01.Levels\Stage2">
      <UniqueIdentifier>{acd44721-fc6d-4ded-bdbd-58058be483ae}</UniqueIdentifier>
    </Filter>
    <Filter Include="01.Levels\Stage3">
      <UniqueIdentifier>{4d4207fd-91ad-465a-b7e4-a91307a0ae03}</UniqueIdentifier>
    </Filter>
    <Filter Include="02.GameObjects\AnimMesh\Monster\Golem">
      <UniqueIdentifier>{0369a330-c15d-4cae-aa2d-9be6128dc679}</UniqueIdentifier>
    </Filter>
    <Filter Include="02.GameObjects\AnimMesh\Monster\Dragon">
      <UniqueIdentifier>{883d4084-4160-43a1-becd-8e68aa09018b}</UniqueIdentifier>
    </Filter>
    <Filter Include="03.UI\Count">
      <UniqueIdentifier>{f94d12dd-b5f5-4d95-aff0-2fbe5e1afd5f}</UniqueIdentifier>
    </Filter>
    <Filter Include="02.GameObjects\Effect">
      <UniqueIdentifier>{97fe9178-6ca2-4ebb-9364-ba7beabeb50a}</UniqueIdentifier>
    </Filter>
    <Filter Include="02.GameObjects\Effect\Player">
      <UniqueIdentifier>{91c26883-8e56-450d-b15d-21cc682af911}</UniqueIdentifier>
    </Filter>
    <Filter Include="02.GameObjects\Effect\Player\Trail">
      <UniqueIdentifier>{39b1e29e-b242-4d94-9491-6b11811072a2}</UniqueIdentifier>
    </Filter>
    <Filter Include="02.GameObjects\Effect\Player\RockBreak">
      <UniqueIdentifier>{5a4c514b-7bc1-4fdb-8666-d09a35c7b844}</UniqueIdentifier>
    </Filter>
    <Filter Include="02.GameObjects\Effect\Static">
      <UniqueIdentifier>{3b6ede52-d0ec-4833-82b2-a5a369340bb3}</UniqueIdentifier>
    </Filter>
    <Filter Include="02.GameObjects\Effect\Player\Ex">
      <UniqueIdentifier>{db8376d5-135b-42a9-8200-7593bc16dede}</UniqueIdentifier>
    </Filter>
    <Filter Include="02.GameObjects\Particle">
      <UniqueIdentifier>{162d4cd0-0254-4624-a4c1-07559783ceac}</UniqueIdentifier>
    </Filter>
    <Filter Include="96.Manager\ParticleManager">
      <UniqueIdentifier>{d2492a52-570c-4ad4-8cf0-c5c01bfc46c1}</UniqueIdentifier>
    </Filter>
    <Filter Include="02.GameObjects\Effect\Player\Light">
      <UniqueIdentifier>{d1c022b2-6cf8-45f7-bc02-b7ba0889e7d2}</UniqueIdentifier>
    </Filter>
    <Filter Include="02.GameObjects\Effect\Player\Gage">
      <UniqueIdentifier>{a27ecbb3-f13b-4f20-b606-ee016e0ac1e6}</UniqueIdentifier>
    </Filter>
    <Filter Include="02.GameObjects\Effect\Player\Gage2">
      <UniqueIdentifier>{c2c5af90-b51d-4c61-af0b-664900cbdff6}</UniqueIdentifier>
    </Filter>
  </ItemGroup>
  <ItemGroup>
    <ClInclude Include="Client.h">
      <Filter>98.Default</Filter>
    </ClInclude>
    <ClInclude Include="Resource.h">
      <Filter>98.Default</Filter>
    </ClInclude>
    <ClInclude Include="stdafx.h">
      <Filter>98.Default</Filter>
    </ClInclude>
    <ClInclude Include="targetver.h">
      <Filter>98.Default</Filter>
    </ClInclude>
    <ClInclude Include="..\Public\MainApp.h">
      <Filter>00.MainApp</Filter>
    </ClInclude>
    <ClInclude Include="..\Public\Client_Defines.h">
      <Filter>99.Defines</Filter>
    </ClInclude>
    <ClInclude Include="..\Public\Level_Loading.h">
      <Filter>01.Levels\00.Loading</Filter>
    </ClInclude>
    <ClInclude Include="..\Public\Level_Logo.h">
      <Filter>01.Levels\02.Logo</Filter>
    </ClInclude>
    <ClInclude Include="..\Public\Loader.h">
      <Filter>01.Levels\00.Loading\Loader</Filter>
    </ClInclude>
    <ClInclude Include="..\Public\Terrain.h">
      <Filter>02.GameObjects\Terrain</Filter>
    </ClInclude>
    <ClInclude Include="..\Public\Level_Stage1.h">
      <Filter>01.Levels\Stage1</Filter>
    </ClInclude>
    <ClInclude Include="..\Public\Level_Static.h">
      <Filter>01.Levels\01.Static</Filter>
    </ClInclude>
    <ClInclude Include="..\Public\Release_Manager.h">
      <Filter>96.Manager\ReleaseManager</Filter>
    </ClInclude>
    <ClInclude Include="..\Public\AnimMesh.h">
      <Filter>02.GameObjects\AnimMesh</Filter>
    </ClInclude>
    <ClInclude Include="..\Public\Mesh.h">
      <Filter>02.GameObjects\Mesh</Filter>
    </ClInclude>
    <ClInclude Include="..\Public\Player.h">
      <Filter>02.GameObjects\AnimMesh\Player</Filter>
    </ClInclude>
    <ClInclude Include="..\Public\PlayerHead.h">
      <Filter>02.GameObjects\Mesh\PlayerParts\Head</Filter>
    </ClInclude>
    <ClInclude Include="..\Public\PlayerHairBack.h">
      <Filter>02.GameObjects\Mesh\PlayerParts\Hair</Filter>
    </ClInclude>
    <ClInclude Include="..\Public\PlayerHairSide.h">
      <Filter>02.GameObjects\Mesh\PlayerParts\Hair</Filter>
    </ClInclude>
    <ClInclude Include="..\Public\PlayerHairTail.h">
      <Filter>02.GameObjects\Mesh\PlayerParts\Hair</Filter>
    </ClInclude>
    <ClInclude Include="..\Public\PlayerHairFront.h">
      <Filter>02.GameObjects\Mesh\PlayerParts\Hair</Filter>
    </ClInclude>
    <ClInclude Include="..\Public\PlayerSword.h">
      <Filter>02.GameObjects\Mesh\PlayerParts\Weapon\Sword</Filter>
    </ClInclude>
    <ClInclude Include="..\Public\Pointer_Manager.h">
      <Filter>96.Manager\PointerManager</Filter>
    </ClInclude>
    <ClInclude Include="..\Public\Camera_Free.h">
      <Filter>02.GameObjects\Camera\Free</Filter>
    </ClInclude>
    <ClInclude Include="..\Public\Camera_Player.h">
      <Filter>02.GameObjects\Camera\Player</Filter>
    </ClInclude>
    <ClInclude Include="..\public\UI.h">
      <Filter>03.UI</Filter>
    </ClInclude>
    <ClInclude Include="..\Public\SkillFrame.h">
      <Filter>03.UI\SkillFrame</Filter>
    </ClInclude>
    <ClInclude Include="..\Public\ExSkillFrame.h">
      <Filter>03.UI\SkillFrame</Filter>
    </ClInclude>
    <ClInclude Include="..\Public\SkillIconE.h">
      <Filter>03.UI\SkillIcon</Filter>
    </ClInclude>
    <ClInclude Include="..\Public\SkillIconF.h">
      <Filter>03.UI\SkillIcon</Filter>
    </ClInclude>
    <ClInclude Include="..\Public\SkillIconQ.h">
      <Filter>03.UI\SkillIcon</Filter>
    </ClInclude>
    <ClInclude Include="..\Public\SkillIconR.h">
      <Filter>03.UI\SkillIcon</Filter>
    </ClInclude>
    <ClInclude Include="..\Public\SkillIconShift.h">
      <Filter>03.UI\SkillIcon</Filter>
    </ClInclude>
    <ClInclude Include="..\Public\SkillIconTab.h">
      <Filter>03.UI\SkillIcon</Filter>
    </ClInclude>
    <ClInclude Include="..\Public\ExGauge.h">
      <Filter>03.UI\SkillFrame</Filter>
    </ClInclude>
    <ClInclude Include="..\Public\KeyQ.h">
      <Filter>03.UI\KeyIcon</Filter>
    </ClInclude>
    <ClInclude Include="..\Public\KeyR.h">
      <Filter>03.UI\KeyIcon</Filter>
    </ClInclude>
    <ClInclude Include="..\Public\KeyShift.h">
      <Filter>03.UI\KeyIcon</Filter>
    </ClInclude>
    <ClInclude Include="..\Public\KeyTab.h">
      <Filter>03.UI\KeyIcon</Filter>
    </ClInclude>
    <ClInclude Include="..\Public\KeyE.h">
      <Filter>03.UI\KeyIcon</Filter>
    </ClInclude>
    <ClInclude Include="..\Public\KeyF.h">
      <Filter>03.UI\KeyIcon</Filter>
    </ClInclude>
    <ClInclude Include="..\Public\HPBarFrame.h">
      <Filter>03.UI\PlayerBar</Filter>
    </ClInclude>
    <ClInclude Include="..\Public\MPBar.h">
      <Filter>03.UI\PlayerBar</Filter>
    </ClInclude>
    <ClInclude Include="..\Public\MPBarFrame.h">
      <Filter>03.UI\PlayerBar</Filter>
    </ClInclude>
    <ClInclude Include="..\Public\BarLine.h">
      <Filter>03.UI\PlayerBar</Filter>
    </ClInclude>
    <ClInclude Include="..\Public\LoaderInclude.h">
      <Filter>99.Defines</Filter>
    </ClInclude>
    <ClInclude Include="..\Public\UI_Manager.h">
      <Filter>96.Manager\UIManager</Filter>
    </ClInclude>
    <ClInclude Include="..\Public\UIInclude.h">
      <Filter>99.Defines</Filter>
    </ClInclude>
    <ClInclude Include="..\Public\Collider_Manager.h">
      <Filter>96.Manager\ColliderManager</Filter>
    </ClInclude>
    <ClInclude Include="..\Bin\ShaderFiles\Client_Shader_Defines.hpp">
      <Filter>97.ShaderFiles</Filter>
    </ClInclude>
    <ClInclude Include="..\Public\Theo.h">
      <Filter>02.GameObjects\AnimMesh\Monster\Theo</Filter>
    </ClInclude>
    <ClInclude Include="..\Public\BossBarLine.h">
      <Filter>03.UI\BossBar</Filter>
    </ClInclude>
    <ClInclude Include="..\Public\BossHPBarFrame.h">
      <Filter>03.UI\BossBar</Filter>
    </ClInclude>
    <ClInclude Include="..\Public\BossMPBar.h">
      <Filter>03.UI\BossBar</Filter>
    </ClInclude>
    <ClInclude Include="..\Public\BossMPBarFrame.h">
      <Filter>03.UI\BossBar</Filter>
    </ClInclude>
    <ClInclude Include="..\Public\Trail.h">
      <Filter>95.Component\Trail</Filter>
    </ClInclude>
    <ClInclude Include="..\Public\SideLiner.h">
      <Filter>02.GameObjects\Mesh\Map\Stage1\SideLiner</Filter>
    </ClInclude>
    <ClInclude Include="..\Public\TRFloor.h">
      <Filter>02.GameObjects\Mesh\Map\Stage1\TRFloor</Filter>
    </ClInclude>
    <ClInclude Include="..\Public\TRSky.h">
      <Filter>02.GameObjects\Mesh\Map\Stage1\TRSky</Filter>
    </ClInclude>
    <ClInclude Include="..\Public\TRStair.h">
      <Filter>02.GameObjects\Mesh\Map\Stage1\TRStair</Filter>
    </ClInclude>
    <ClInclude Include="..\Public\Camera_Manager.h">
      <Filter>96.Manager\Cameramanager</Filter>
    </ClInclude>
    <ClInclude Include="..\Public\MeshInstance.h">
      <Filter>02.GameObjects\Mesh</Filter>
    </ClInclude>
    <ClInclude Include="..\Public\Level_Stage4.h">
      <Filter>01.Levels\Stage4</Filter>
    </ClInclude>
    <ClInclude Include="..\Public\InstanceModel.h">
      <Filter>02.GameObjects\Mesh\Map</Filter>
    </ClInclude>
    <ClInclude Include="..\Public\Level_Stage2.h">
      <Filter>01.Levels\Stage2</Filter>
    </ClInclude>
    <ClInclude Include="..\Public\Level_Stage3.h">
      <Filter>01.Levels\Stage3</Filter>
    </ClInclude>
    <ClInclude Include="..\Public\Golem.h">
      <Filter>02.GameObjects\AnimMesh\Monster\Golem</Filter>
    </ClInclude>
    <ClInclude Include="..\Public\Dragon.h">
      <Filter>02.GameObjects\AnimMesh\Monster\Dragon</Filter>
    </ClInclude>
    <ClInclude Include="..\Public\Count.h">
      <Filter>03.UI\Count</Filter>
    </ClInclude>
    <ClInclude Include="..\Public\PlayerTrailMain.h">
      <Filter>02.GameObjects\Effect\Player\Trail</Filter>
    </ClInclude>
    <ClInclude Include="..\Public\Effect.h">
      <Filter>02.GameObjects\Effect</Filter>
    </ClInclude>
    <ClInclude Include="..\Public\PlayerTrailSub1.h">
      <Filter>02.GameObjects\Effect\Player\Trail</Filter>
    </ClInclude>
    <ClInclude Include="..\Public\PlayerTrailSub2.h">
      <Filter>02.GameObjects\Effect\Player\Trail</Filter>
    </ClInclude>
    <ClInclude Include="..\Public\PlayerRockBreak.h">
      <Filter>02.GameObjects\Effect\Player\RockBreak</Filter>
    </ClInclude>
    <ClInclude Include="..\Public\Rock.h">
      <Filter>02.GameObjects\Effect\Static</Filter>
    </ClInclude>
    <ClInclude Include="..\Public\PlayerEx.h">
      <Filter>02.GameObjects\Effect\Player\Ex</Filter>
    </ClInclude>
    <ClInclude Include="..\Public\AlphaParticle.h">
      <Filter>02.GameObjects\Particle</Filter>
    </ClInclude>
    <ClInclude Include="..\Public\Particle_Manager.h">
      <Filter>96.Manager\ParticleManager</Filter>
    </ClInclude>
    <ClInclude Include="..\Public\PlayerLight.h">
      <Filter>02.GameObjects\Effect\Player\Light</Filter>
    </ClInclude>
    <ClInclude Include="..\Public\PlayerGage.h">
      <Filter>02.GameObjects\Effect\Player\Gage</Filter>
    </ClInclude>
    <ClInclude Include="..\Public\PlayerGage2.h">
      <Filter>02.GameObjects\Effect\Player\Gage2</Filter>
    </ClInclude>
  </ItemGroup>
  <ItemGroup>
    <ClCompile Include="Client.cpp">
      <Filter>98.Default</Filter>
    </ClCompile>
    <ClCompile Include="stdafx.cpp">
      <Filter>98.Default</Filter>
    </ClCompile>
    <ClCompile Include="..\Private\MainApp.cpp">
      <Filter>00.MainApp</Filter>
    </ClCompile>
    <ClCompile Include="..\Private\Level_Loading.cpp">
      <Filter>01.Levels\00.Loading</Filter>
    </ClCompile>
    <ClCompile Include="..\Private\Level_Logo.cpp">
      <Filter>01.Levels\02.Logo</Filter>
    </ClCompile>
    <ClCompile Include="..\Private\Loader.cpp">
      <Filter>01.Levels\00.Loading\Loader</Filter>
    </ClCompile>
    <ClCompile Include="..\Private\Terrain.cpp">
      <Filter>02.GameObjects\Terrain</Filter>
    </ClCompile>
    <ClCompile Include="..\Private\Level_Stage1.cpp">
      <Filter>01.Levels\Stage1</Filter>
    </ClCompile>
    <ClCompile Include="..\Private\Level_Static.cpp">
      <Filter>01.Levels\01.Static</Filter>
    </ClCompile>
    <ClCompile Include="..\Private\Release_Manager.cpp">
      <Filter>96.Manager\ReleaseManager</Filter>
    </ClCompile>
    <ClCompile Include="..\Private\AnimMesh.cpp">
      <Filter>02.GameObjects\AnimMesh</Filter>
    </ClCompile>
    <ClCompile Include="..\Private\Mesh.cpp">
      <Filter>02.GameObjects\Mesh</Filter>
    </ClCompile>
    <ClCompile Include="..\Private\Player.cpp">
      <Filter>02.GameObjects\AnimMesh\Player</Filter>
    </ClCompile>
    <ClCompile Include="..\Private\PlayerHead.cpp">
      <Filter>02.GameObjects\Mesh\PlayerParts\Head</Filter>
    </ClCompile>
    <ClCompile Include="..\Private\PlayerHairBack.cpp">
      <Filter>02.GameObjects\Mesh\PlayerParts\Hair</Filter>
    </ClCompile>
    <ClCompile Include="..\Private\PlayerHairFront.cpp">
      <Filter>02.GameObjects\Mesh\PlayerParts\Hair</Filter>
    </ClCompile>
    <ClCompile Include="..\Private\PlayerHairSide.cpp">
      <Filter>02.GameObjects\Mesh\PlayerParts\Hair</Filter>
    </ClCompile>
    <ClCompile Include="..\Private\PlayerHairTail.cpp">
      <Filter>02.GameObjects\Mesh\PlayerParts\Hair</Filter>
    </ClCompile>
    <ClCompile Include="..\Private\PlayerSword.cpp">
      <Filter>02.GameObjects\Mesh\PlayerParts\Weapon\Sword</Filter>
    </ClCompile>
    <ClCompile Include="..\Private\Pointer_Manager.cpp">
      <Filter>96.Manager\PointerManager</Filter>
    </ClCompile>
    <ClCompile Include="..\Private\Camera_Free.cpp">
      <Filter>02.GameObjects\Camera\Free</Filter>
    </ClCompile>
    <ClCompile Include="..\Private\Camera_Player.cpp">
      <Filter>02.GameObjects\Camera\Player</Filter>
    </ClCompile>
    <ClCompile Include="..\private\UI.cpp">
      <Filter>03.UI</Filter>
    </ClCompile>
    <ClCompile Include="..\Private\SkillFrame.cpp">
      <Filter>03.UI\SkillFrame</Filter>
    </ClCompile>
    <ClCompile Include="..\Private\ExSkillFrame.cpp">
      <Filter>03.UI\SkillFrame</Filter>
    </ClCompile>
    <ClCompile Include="..\Private\SkillIconE.cpp">
      <Filter>03.UI\SkillIcon</Filter>
    </ClCompile>
    <ClCompile Include="..\Private\SkillIconF.cpp">
      <Filter>03.UI\SkillIcon</Filter>
    </ClCompile>
    <ClCompile Include="..\Private\SkillIconQ.cpp">
      <Filter>03.UI\SkillIcon</Filter>
    </ClCompile>
    <ClCompile Include="..\Private\SkillIconR.cpp">
      <Filter>03.UI\SkillIcon</Filter>
    </ClCompile>
    <ClCompile Include="..\Private\SkillIconShift.cpp">
      <Filter>03.UI\SkillIcon</Filter>
    </ClCompile>
    <ClCompile Include="..\Private\SkillIconTab.cpp">
      <Filter>03.UI\SkillIcon</Filter>
    </ClCompile>
    <ClCompile Include="..\Private\ExGauge.cpp">
      <Filter>03.UI\SkillFrame</Filter>
    </ClCompile>
    <ClCompile Include="..\Private\KeyE.cpp">
      <Filter>03.UI\KeyIcon</Filter>
    </ClCompile>
    <ClCompile Include="..\Private\KeyF.cpp">
      <Filter>03.UI\KeyIcon</Filter>
    </ClCompile>
    <ClCompile Include="..\Private\KeyQ.cpp">
      <Filter>03.UI\KeyIcon</Filter>
    </ClCompile>
    <ClCompile Include="..\Private\KeyR.cpp">
      <Filter>03.UI\KeyIcon</Filter>
    </ClCompile>
    <ClCompile Include="..\Private\KeyShift.cpp">
      <Filter>03.UI\KeyIcon</Filter>
    </ClCompile>
    <ClCompile Include="..\Private\KeyTab.cpp">
      <Filter>03.UI\KeyIcon</Filter>
    </ClCompile>
    <ClCompile Include="..\Private\HPBarFrame.cpp">
      <Filter>03.UI\PlayerBar</Filter>
    </ClCompile>
    <ClCompile Include="..\Private\MPBar.cpp">
      <Filter>03.UI\PlayerBar</Filter>
    </ClCompile>
    <ClCompile Include="..\Private\MPBarFrame.cpp">
      <Filter>03.UI\PlayerBar</Filter>
    </ClCompile>
    <ClCompile Include="..\Private\BarLine.cpp">
      <Filter>03.UI\PlayerBar</Filter>
    </ClCompile>
    <ClCompile Include="..\Private\UI_Manager.cpp">
      <Filter>96.Manager\UIManager</Filter>
    </ClCompile>
    <ClCompile Include="..\Private\Collider_Manager.cpp">
      <Filter>96.Manager\ColliderManager</Filter>
    </ClCompile>
    <ClCompile Include="..\Private\Theo.cpp">
      <Filter>02.GameObjects\AnimMesh\Monster\Theo</Filter>
    </ClCompile>
    <ClCompile Include="..\Private\BossBarLine.cpp">
      <Filter>03.UI\BossBar</Filter>
    </ClCompile>
    <ClCompile Include="..\Private\BossHPBarFrame.cpp">
      <Filter>03.UI\BossBar</Filter>
    </ClCompile>
    <ClCompile Include="..\Private\BossMPBar.cpp">
      <Filter>03.UI\BossBar</Filter>
    </ClCompile>
    <ClCompile Include="..\Private\BossMPBarFrame.cpp">
      <Filter>03.UI\BossBar</Filter>
    </ClCompile>
    <ClCompile Include="..\Private\Trail.cpp">
      <Filter>95.Component\Trail</Filter>
    </ClCompile>
    <ClCompile Include="..\Private\SideLiner.cpp">
      <Filter>02.GameObjects\Mesh\Map\Stage1\SideLiner</Filter>
    </ClCompile>
    <ClCompile Include="..\Private\TRFloor.cpp">
      <Filter>02.GameObjects\Mesh\Map\Stage1\TRFloor</Filter>
    </ClCompile>
    <ClCompile Include="..\Private\TRSky.cpp">
      <Filter>02.GameObjects\Mesh\Map\Stage1\TRSky</Filter>
    </ClCompile>
    <ClCompile Include="..\Private\TRStair.cpp">
      <Filter>02.GameObjects\Mesh\Map\Stage1\TRStair</Filter>
    </ClCompile>
    <ClCompile Include="..\Private\Camera_Manager.cpp">
      <Filter>96.Manager\Cameramanager</Filter>
    </ClCompile>
    <ClCompile Include="..\Private\MeshInstance.cpp">
      <Filter>02.GameObjects\Mesh</Filter>
    </ClCompile>
    <ClCompile Include="..\Private\Level_Stage4.cpp">
      <Filter>01.Levels\Stage4</Filter>
    </ClCompile>
    <ClCompile Include="..\Private\InstanceModel.cpp">
      <Filter>02.GameObjects\Mesh\Map</Filter>
    </ClCompile>
    <ClCompile Include="..\Private\Level_Stage2.cpp">
      <Filter>01.Levels\Stage2</Filter>
    </ClCompile>
    <ClCompile Include="..\Private\Level_Stage3.cpp">
      <Filter>01.Levels\Stage3</Filter>
    </ClCompile>
    <ClCompile Include="..\Private\Golem.cpp">
      <Filter>02.GameObjects\AnimMesh\Monster\Golem</Filter>
    </ClCompile>
    <ClCompile Include="..\Private\Dragon.cpp">
      <Filter>02.GameObjects\AnimMesh\Monster\Dragon</Filter>
    </ClCompile>
    <ClCompile Include="..\Private\Count.cpp">
      <Filter>03.UI\Count</Filter>
    </ClCompile>
    <ClCompile Include="..\Private\PlayerTrailMain.cpp">
      <Filter>02.GameObjects\Effect\Player\Trail</Filter>
    </ClCompile>
    <ClCompile Include="..\Private\Effect.cpp">
      <Filter>02.GameObjects\Effect</Filter>
    </ClCompile>
    <ClCompile Include="..\Private\PlayerTrailSub1.cpp">
      <Filter>02.GameObjects\Effect\Player\Trail</Filter>
    </ClCompile>
    <ClCompile Include="..\Private\PlayerTrailSub2.cpp">
      <Filter>02.GameObjects\Effect\Player\Trail</Filter>
    </ClCompile>
    <ClCompile Include="..\Private\PlayerRockBreak.cpp">
      <Filter>02.GameObjects\Effect\Player\RockBreak</Filter>
    </ClCompile>
    <ClCompile Include="..\Private\Rock.cpp">
      <Filter>02.GameObjects\Effect\Static</Filter>
    </ClCompile>
    <ClCompile Include="..\Private\PlayerEx.cpp">
      <Filter>02.GameObjects\Effect\Player\Ex</Filter>
    </ClCompile>
    <ClCompile Include="..\Private\AlphaParticle.cpp">
      <Filter>02.GameObjects\Particle</Filter>
    </ClCompile>
    <ClCompile Include="..\Private\Particle_Manager.cpp">
      <Filter>96.Manager\ParticleManager</Filter>
    </ClCompile>
    <ClCompile Include="..\Private\PlayerLight.cpp">
      <Filter>02.GameObjects\Effect\Player\Light</Filter>
    </ClCompile>
    <ClCompile Include="..\Private\PlayerGage.cpp">
      <Filter>02.GameObjects\Effect\Player\Gage</Filter>
    </ClCompile>
    <ClCompile Include="..\Private\PlayerGage2.cpp">
      <Filter>02.GameObjects\Effect\Player\Gage2</Filter>
    </ClCompile>
  </ItemGroup>
  <ItemGroup>
    <Image Include="Client.ico">
      <Filter>98.Default</Filter>
    </Image>
    <Image Include="small.ico">
      <Filter>98.Default</Filter>
    </Image>
  </ItemGroup>
  <ItemGroup>
    <ResourceCompile Include="Client.rc">
      <Filter>98.Default</Filter>
    </ResourceCompile>
  </ItemGroup>
  <ItemGroup>
    <FxCompile Include="..\Bin\ShaderFiles\Shader_VtxNorTex.hlsl">
      <Filter>97.ShaderFiles</Filter>
    </FxCompile>
    <FxCompile Include="..\Bin\ShaderFiles\Shader_Cube.hlsl">
      <Filter>97.ShaderFiles</Filter>
    </FxCompile>
    <FxCompile Include="..\Bin\ShaderFiles\Shader_VtxModel.hlsl">
      <Filter>97.ShaderFiles</Filter>
    </FxCompile>
    <FxCompile Include="..\Bin\ShaderFiles\Shader_VtxAnimModel.hlsl">
      <Filter>97.ShaderFiles</Filter>
    </FxCompile>
    <FxCompile Include="..\Bin\ShaderFiles\Shader_UI.hlsl">
      <Filter>97.ShaderFiles</Filter>
    </FxCompile>
    <FxCompile Include="..\Bin\ShaderFiles\Shader_VtxModelInstance.hlsl">
      <Filter>97.ShaderFiles</Filter>
    </FxCompile>
    <FxCompile Include="..\Bin\ShaderFiles\Shader_EffectModel.hlsl">
      <Filter>97.ShaderFiles</Filter>
    </FxCompile>
    <FxCompile Include="..\Bin\ShaderFiles\Shader_VtxPoint.hlsl">
      <Filter>97.ShaderFiles</Filter>
    </FxCompile>
  </ItemGroup>
  <ItemGroup>
    <Text Include="ReadMe.txt">
      <Filter>98.Default</Filter>
    </Text>
  </ItemGroup>
</Project>